[[package]]
name = "absl-py"
version = "0.13.0"
description = "Abseil Python Common Libraries, see https://github.com/abseil/abseil-py."
category = "main"
optional = false
python-versions = "*"

[package.dependencies]
six = "*"

[[package]]
name = "aiohttp"
version = "3.7.4.post0"
description = "Async http client/server framework (asyncio)"
category = "main"
optional = false
python-versions = ">=3.6"

[package.dependencies]
async-timeout = ">=3.0,<4.0"
attrs = ">=17.3.0"
chardet = ">=2.0,<5.0"
multidict = ">=4.5,<7.0"
typing-extensions = ">=3.6.5"
yarl = ">=1.0,<2.0"

[package.extras]
speedups = ["aiodns", "brotlipy", "cchardet"]

[[package]]
name = "appnope"
version = "0.1.2"
description = "Disable App Nap on macOS >= 10.9"
category = "main"
optional = false
python-versions = "*"

[[package]]
name = "argon2-cffi"
version = "21.1.0"
description = "The secure Argon2 password hashing algorithm."
category = "main"
optional = false
python-versions = ">=3.5"

[package.dependencies]
cffi = ">=1.0.0"

[package.extras]
dev = ["coverage[toml] (>=5.0.2)", "hypothesis", "pytest", "sphinx", "furo", "wheel", "pre-commit"]
docs = ["sphinx", "furo"]
tests = ["coverage[toml] (>=5.0.2)", "hypothesis", "pytest"]

[[package]]
name = "asttokens"
version = "2.0.5"
description = "Annotate AST trees with source code positions"
category = "main"
optional = false
python-versions = "*"

[package.dependencies]
six = "*"

[package.extras]
test = ["astroid", "pytest"]

[[package]]
name = "async-timeout"
version = "3.0.1"
description = "Timeout context manager for asyncio programs"
category = "main"
optional = false
python-versions = ">=3.5.3"

[[package]]
name = "atari-py"
version = "0.2.9"
description = "Python bindings to Atari games"
category = "main"
optional = false
python-versions = "*"

[package.dependencies]
numpy = "*"
six = "*"

[[package]]
name = "attrs"
version = "21.2.0"
description = "Classes Without Boilerplate"
category = "main"
optional = false
python-versions = ">=2.7, !=3.0.*, !=3.1.*, !=3.2.*, !=3.3.*, !=3.4.*"

[package.extras]
dev = ["coverage[toml] (>=5.0.2)", "hypothesis", "pympler", "pytest (>=4.3.0)", "six", "mypy", "pytest-mypy-plugins", "zope.interface", "furo", "sphinx", "sphinx-notfound-page", "pre-commit"]
docs = ["furo", "sphinx", "zope.interface", "sphinx-notfound-page"]
tests = ["coverage[toml] (>=5.0.2)", "hypothesis", "pympler", "pytest (>=4.3.0)", "six", "mypy", "pytest-mypy-plugins", "zope.interface"]
tests_no_zope = ["coverage[toml] (>=5.0.2)", "hypothesis", "pympler", "pytest (>=4.3.0)", "six", "mypy", "pytest-mypy-plugins"]

[[package]]
name = "backcall"
version = "0.2.0"
description = "Specifications for callback functions passed in to an API"
category = "main"
optional = false
python-versions = "*"

[[package]]
name = "bidict"
version = "0.21.3"
description = "The bidirectional mapping library for Python."
category = "main"
optional = false
python-versions = ">=3.6"

[[package]]
name = "bleach"
version = "4.1.0"
description = "An easy safelist-based HTML-sanitizing tool."
category = "main"
optional = false
python-versions = ">=3.6"

[package.dependencies]
packaging = "*"
six = ">=1.9.0"
webencodings = "*"

[[package]]
name = "cachetools"
version = "4.2.2"
description = "Extensible memoizing collections and decorators"
category = "main"
optional = false
python-versions = "~=3.5"

[[package]]
name = "certifi"
version = "2021.5.30"
description = "Python package for providing Mozilla's CA Bundle."
category = "main"
optional = false
python-versions = "*"

[[package]]
name = "cffi"
version = "1.15.1"
description = "Foreign Function Interface for Python calling C code."
category = "main"
optional = false
python-versions = "*"

[package.dependencies]
pycparser = "*"

[[package]]
name = "chardet"
version = "4.0.0"
description = "Universal encoding detector for Python 2 and 3"
category = "main"
optional = false
python-versions = ">=2.7, !=3.0.*, !=3.1.*, !=3.2.*, !=3.3.*, !=3.4.*"

[[package]]
name = "charset-normalizer"
version = "2.0.4"
description = "The Real First Universal Charset Detector. Open, modern and actively maintained alternative to Chardet."
category = "main"
optional = false
python-versions = ">=3.5.0"

[package.extras]
unicode_backport = ["unicodedata2"]

[[package]]
name = "click"
version = "8.0.1"
description = "Composable command line interface toolkit"
category = "main"
optional = false
python-versions = ">=3.6"

[package.dependencies]
colorama = {version = "*", markers = "platform_system == \"Windows\""}

[[package]]
name = "cloudpickle"
version = "1.6.0"
description = "Extended pickling support for Python objects"
category = "main"
optional = false
python-versions = ">=3.5"

[[package]]
name = "colorama"
version = "0.4.4"
description = "Cross-platform colored terminal text."
category = "main"
optional = false
python-versions = ">=2.7, !=3.0.*, !=3.1.*, !=3.2.*, !=3.3.*, !=3.4.*"

[[package]]
name = "cycler"
version = "0.10.0"
description = "Composable style cycles"
category = "main"
optional = false
python-versions = "*"

[package.dependencies]
six = "*"

[[package]]
name = "debugpy"
version = "1.4.3"
description = "An implementation of the Debug Adapter Protocol for Python"
category = "main"
optional = false
python-versions = ">=2.7,!=3.0.*,!=3.1.*,!=3.2.*,!=3.3.*,!=3.4.*"

[[package]]
name = "decorator"
version = "5.1.0"
description = "Decorators for Humans"
category = "main"
optional = false
python-versions = ">=3.5"

[[package]]
name = "defusedxml"
version = "0.7.1"
description = "XML bomb protection for Python stdlib modules"
category = "main"
optional = false
python-versions = ">=2.7, !=3.0.*, !=3.1.*, !=3.2.*, !=3.3.*, !=3.4.*"

[[package]]
name = "entrypoints"
version = "0.3"
description = "Discover and load entry points from installed packages."
category = "main"
optional = false
python-versions = ">=2.7"

[[package]]
name = "executing"
version = "0.8.1"
description = "Get the currently executing AST node of a frame, and other information"
category = "main"
optional = false
python-versions = "*"

[[package]]
name = "ez-yaml"
version = "1.1.0"
description = "Straighforward wrapper around Ruamel Yaml"
category = "main"
optional = false
python-versions = "*"

[package.dependencies]
"ruamel.yaml" = "*"

[[package]]
name = "filelock"
version = "3.0.12"
description = "A platform independent file lock."
category = "main"
optional = false
python-versions = "*"

[[package]]
name = "flask"
version = "2.0.1"
description = "A simple framework for building complex web applications."
category = "main"
optional = false
python-versions = ">=3.6"

[package.dependencies]
click = ">=7.1.2"
itsdangerous = ">=2.0"
Jinja2 = ">=3.0"
Werkzeug = ">=2.0"

[package.extras]
dotenv = ["python-dotenv"]
async = ["asgiref (>=3.2)"]

[[package]]
name = "fonttools"
version = "4.37.4"
description = "Tools to manipulate font files"
category = "main"
optional = false
python-versions = ">=3.7"

[package.extras]
all = ["fs (>=2.2.0,<3)", "lxml (>=4.0,<5)", "zopfli (>=0.1.4)", "lz4 (>=1.7.4.2)", "matplotlib", "sympy", "skia-pathops (>=0.5.0)", "uharfbuzz (>=0.23.0)", "brotlicffi (>=0.8.0)", "scipy", "brotli (>=1.0.1)", "munkres", "unicodedata2 (>=14.0.0)", "xattr"]
graphite = ["lz4 (>=1.7.4.2)"]
interpolatable = ["scipy", "munkres"]
lxml = ["lxml (>=4.0,<5)"]
pathops = ["skia-pathops (>=0.5.0)"]
plot = ["matplotlib"]
repacker = ["uharfbuzz (>=0.23.0)"]
symfont = ["sympy"]
type1 = ["xattr"]
ufo = ["fs (>=2.2.0,<3)"]
unicode = ["unicodedata2 (>=14.0.0)"]
woff = ["zopfli (>=0.1.4)", "brotlicffi (>=0.8.0)", "brotli (>=1.0.1)"]

[[package]]
name = "fsspec"
version = "2022.8.2"
description = "File-system specification"
category = "main"
optional = false
python-versions = ">=3.7"

[package.dependencies]
aiohttp = {version = "<4.0.0a0 || >4.0.0a0,<4.0.0a1 || >4.0.0a1", optional = true, markers = "extra == \"http\""}
requests = {version = "*", optional = true, markers = "extra == \"http\""}

[package.extras]
abfs = ["adlfs"]
adl = ["adlfs"]
arrow = ["pyarrow (>=1)"]
dask = ["dask", "distributed"]
dropbox = ["dropboxdrivefs", "requests", "dropbox"]
entrypoints = ["importlib-metadata"]
fuse = ["fusepy"]
gcs = ["gcsfs"]
git = ["pygit2"]
github = ["requests"]
gs = ["gcsfs"]
gui = ["panel"]
hdfs = ["pyarrow (>=1)"]
http = ["requests", "aiohttp (!=4.0.0a0,!=4.0.0a1)"]
libarchive = ["libarchive-c"]
oci = ["ocifs"]
s3 = ["s3fs"]
sftp = ["paramiko"]
smb = ["smbprotocol"]
ssh = ["paramiko"]
tqdm = ["tqdm"]

[[package]]
name = "future"
version = "0.18.2"
description = "Clean single-source support for Python 3 and 2"
category = "main"
optional = false
python-versions = ">=2.6, !=3.0.*, !=3.1.*, !=3.2.*"

[[package]]
name = "gdown"
version = "3.13.0"
description = "Google Drive direct download of big files."
category = "main"
optional = false
python-versions = "*"

[package.dependencies]
filelock = "*"
requests = {version = ">=2.12.0", extras = ["socks"]}
six = "*"
tqdm = "*"

[[package]]
name = "google-auth"
version = "1.35.0"
description = "Google Authentication Library"
category = "main"
optional = false
python-versions = ">=2.7,!=3.0.*,!=3.1.*,!=3.2.*,!=3.3.*,!=3.4.*,!=3.5.*"

[package.dependencies]
cachetools = ">=2.0.0,<5.0"
pyasn1-modules = ">=0.2.1"
rsa = {version = ">=3.1.4,<5", markers = "python_version >= \"3.6\""}
six = ">=1.9.0"

[package.extras]
aiohttp = ["requests (>=2.20.0,<3.0.0dev)", "aiohttp (>=3.6.2,<4.0.0dev)"]
pyopenssl = ["pyopenssl (>=20.0.0)"]
reauth = ["pyu2f (>=0.1.5)"]

[[package]]
name = "google-auth-oauthlib"
version = "0.4.6"
description = "Google Authentication Library"
category = "main"
optional = false
python-versions = ">=3.6"

[package.dependencies]
google-auth = ">=1.0.0"
requests-oauthlib = ">=0.7.0"

[package.extras]
tool = ["click (>=6.0.0)"]

[[package]]
name = "grpcio"
version = "1.40.0"
description = "HTTP/2-based RPC framework"
category = "main"
optional = false
python-versions = "*"

[package.dependencies]
six = ">=1.5.2"

[package.extras]
protobuf = ["grpcio-tools (>=1.40.0)"]

[[package]]
name = "gym"
version = "0.18.3"
description = "The OpenAI Gym: A toolkit for developing and comparing your reinforcement learning agents."
category = "main"
optional = false
python-versions = ">=3.6"

[package.dependencies]
atari_py = {version = ">=0.2.0,<0.3.0", optional = true, markers = "extra == \"atari\""}
cloudpickle = ">=1.2.0,<1.7.0"
numpy = ">=1.10.4"
opencv-python = {version = ">=3", optional = true, markers = "extra == \"atari\""}
Pillow = "<=8.2.0"
pyglet = ">=1.4.0,<=1.5.15"
scipy = "*"

[package.extras]
all = ["box2d-py (>=2.3.5,<2.4.0)", "opencv-python (>=3)", "imageio", "atari_py (>=0.2.0,<0.3.0)", "mujoco_py (>=1.50,<2.0)"]
atari = ["atari_py (>=0.2.0,<0.3.0)", "opencv-python (>=3)"]
box2d = ["box2d-py (>=2.3.5,<2.4.0)"]
mujoco = ["mujoco_py (>=1.50,<2.0)", "imageio"]
nomujoco = ["box2d-py (>=2.3.5,<2.4.0)", "opencv-python (>=3)", "atari_py (>=0.2.0,<0.3.0)"]
robotics = ["mujoco_py (>=1.50,<2.0)", "imageio"]

[[package]]
name = "icecream"
version = "2.1.1"
description = "Never use print() to debug again; inspect variables, expressions, and program execution with a single, simple function call."
category = "main"
optional = false
python-versions = "*"

[package.dependencies]
asttokens = ">=2.0.1"
colorama = ">=0.3.9"
executing = ">=0.3.1"
pygments = ">=2.2.0"

[[package]]
name = "idna"
version = "3.2"
description = "Internationalized Domain Names in Applications (IDNA)"
category = "main"
optional = false
python-versions = ">=3.5"

[[package]]
name = "ipykernel"
version = "6.4.1"
description = "IPython Kernel for Jupyter"
category = "main"
optional = false
python-versions = ">=3.7"

[package.dependencies]
appnope = {version = "*", markers = "platform_system == \"Darwin\""}
debugpy = ">=1.0.0,<2.0"
ipython = ">=7.23.1,<8.0"
ipython-genutils = "*"
jupyter-client = "<8.0"
matplotlib-inline = ">=0.1.0,<0.2.0"
tornado = ">=4.2,<7.0"
traitlets = ">=4.1.0,<6.0"

[package.extras]
test = ["pytest (!=5.3.4)", "pytest-cov", "flaky", "nose", "ipyparallel"]

[[package]]
name = "ipython"
version = "7.27.0"
description = "IPython: Productive Interactive Computing"
category = "main"
optional = false
python-versions = ">=3.7"

[package.dependencies]
appnope = {version = "*", markers = "sys_platform == \"darwin\""}
backcall = "*"
colorama = {version = "*", markers = "sys_platform == \"win32\""}
decorator = "*"
jedi = ">=0.16"
matplotlib-inline = "*"
pexpect = {version = ">4.3", markers = "sys_platform != \"win32\""}
pickleshare = "*"
prompt-toolkit = ">=2.0.0,<3.0.0 || >3.0.0,<3.0.1 || >3.0.1,<3.1.0"
pygments = "*"
traitlets = ">=4.2"

[package.extras]
all = ["Sphinx (>=1.3)", "ipykernel", "ipyparallel", "ipywidgets", "nbconvert", "nbformat", "nose (>=0.10.1)", "notebook", "numpy (>=1.17)", "pygments", "qtconsole", "requests", "testpath"]
doc = ["Sphinx (>=1.3)"]
kernel = ["ipykernel"]
nbconvert = ["nbconvert"]
nbformat = ["nbformat"]
notebook = ["notebook", "ipywidgets"]
parallel = ["ipyparallel"]
qtconsole = ["qtconsole"]
test = ["nose (>=0.10.1)", "requests", "testpath", "pygments", "nbformat", "ipykernel", "numpy (>=1.17)"]

[[package]]
name = "ipython-genutils"
version = "0.2.0"
description = "Vestigial utilities from IPython"
category = "main"
optional = false
python-versions = "*"

[[package]]
name = "ipywidgets"
version = "7.6.5"
description = "IPython HTML widgets for Jupyter"
category = "main"
optional = false
python-versions = "*"

[package.dependencies]
ipykernel = ">=4.5.1"
ipython = {version = ">=4.0.0", markers = "python_version >= \"3.3\""}
ipython-genutils = ">=0.2.0,<0.3.0"
jupyterlab-widgets = {version = ">=1.0.0", markers = "python_version >= \"3.6\""}
nbformat = ">=4.2.0"
traitlets = ">=4.3.1"
widgetsnbextension = ">=3.5.0,<3.6.0"

[package.extras]
test = ["pytest (>=3.6.0)", "pytest-cov", "mock"]

[[package]]
name = "itsdangerous"
version = "2.0.1"
description = "Safely pass data to untrusted environments and back."
category = "main"
optional = false
python-versions = ">=3.6"

[[package]]
name = "jedi"
version = "0.18.0"
description = "An autocompletion tool for Python that can be used for text editors."
category = "main"
optional = false
python-versions = ">=3.6"

[package.dependencies]
parso = ">=0.8.0,<0.9.0"

[package.extras]
qa = ["flake8 (==3.8.3)", "mypy (==0.782)"]
testing = ["Django (<3.1)", "colorama", "docopt", "pytest (<6.0.0)"]

[[package]]
name = "jinja2"
version = "3.0.1"
description = "A very fast and expressive template engine."
category = "main"
optional = false
python-versions = ">=3.6"

[package.dependencies]
MarkupSafe = ">=2.0"

[package.extras]
i18n = ["Babel (>=2.7)"]

[[package]]
name = "json-fix"
version = "0.1.2"
description = "allow custom class json behavior on builtin json object"
category = "main"
optional = false
python-versions = ">=3.6"

[[package]]
name = "jsonschema"
version = "3.2.0"
description = "An implementation of JSON Schema validation for Python"
category = "main"
optional = false
python-versions = "*"

[package.dependencies]
attrs = ">=17.4.0"
pyrsistent = ">=0.14.0"
six = ">=1.11.0"

[package.extras]
format = ["idna", "jsonpointer (>1.13)", "rfc3987", "strict-rfc3339", "webcolors"]
format_nongpl = ["idna", "jsonpointer (>1.13)", "webcolors", "rfc3986-validator (>0.1.0)", "rfc3339-validator"]

[[package]]
name = "jupyter-client"
version = "7.0.2"
description = "Jupyter protocol implementation and client libraries"
category = "main"
optional = false
python-versions = ">=3.6.1"

[package.dependencies]
entrypoints = "*"
jupyter-core = ">=4.6.0"
nest-asyncio = ">=1.5"
python-dateutil = ">=2.1"
pyzmq = ">=13"
tornado = ">=4.1"
traitlets = "*"

[package.extras]
doc = ["myst-parser", "sphinx (>=1.3.6)", "sphinx-rtd-theme", "sphinxcontrib-github-alt"]
test = ["codecov", "coverage", "ipykernel", "ipython", "mock", "mypy", "pre-commit", "pytest", "pytest-asyncio", "pytest-cov", "pytest-timeout", "jedi (<0.18)"]

[[package]]
name = "jupyter-core"
version = "4.7.1"
description = "Jupyter core package. A base package on which Jupyter projects rely."
category = "main"
optional = false
python-versions = ">=3.6"

[package.dependencies]
pywin32 = {version = ">=1.0", markers = "sys_platform == \"win32\""}
traitlets = "*"

[[package]]
name = "jupyterlab-pygments"
version = "0.1.2"
description = "Pygments theme using JupyterLab CSS variables"
category = "main"
optional = false
python-versions = "*"

[package.dependencies]
pygments = ">=2.4.1,<3"

[[package]]
name = "jupyterlab-widgets"
version = "1.0.2"
description = "A JupyterLab extension."
category = "main"
optional = false
python-versions = ">=3.6"

[[package]]
name = "kiwisolver"
version = "1.3.2"
description = "A fast implementation of the Cassowary constraint solver"
category = "main"
optional = false
python-versions = ">=3.7"

[[package]]
name = "markdown"
version = "3.3.4"
description = "Python implementation of Markdown."
category = "main"
optional = false
python-versions = ">=3.6"

[package.extras]
testing = ["coverage", "pyyaml"]

[[package]]
name = "markupsafe"
version = "2.0.1"
description = "Safely add untrusted strings to HTML/XML markup."
category = "main"
optional = false
python-versions = ">=3.6"

[[package]]
name = "matplotlib"
version = "3.5.2"
description = "Python plotting package"
category = "main"
optional = false
python-versions = ">=3.7"

[package.dependencies]
cycler = ">=0.10"
fonttools = ">=4.22.0"
kiwisolver = ">=1.0.1"
numpy = ">=1.17"
packaging = ">=20.0"
pillow = ">=6.2.0"
pyparsing = ">=2.2.1"
python-dateutil = ">=2.7"
setuptools_scm = ">=4"

[[package]]
name = "matplotlib-inline"
version = "0.1.3"
description = "Inline Matplotlib backend for Jupyter"
category = "main"
optional = false
python-versions = ">=3.5"

[package.dependencies]
traitlets = "*"

[[package]]
name = "mistune"
version = "0.8.4"
description = "The fastest markdown parser in pure Python"
category = "main"
optional = false
python-versions = "*"

[[package]]
name = "multidict"
version = "5.1.0"
description = "multidict implementation"
category = "main"
optional = false
python-versions = ">=3.6"

[[package]]
name = "nbclient"
version = "0.5.4"
description = "A client library for executing notebooks. Formerly nbconvert's ExecutePreprocessor."
category = "main"
optional = false
python-versions = ">=3.6.1"

[package.dependencies]
jupyter-client = ">=6.1.5"
nbformat = ">=5.0"
nest-asyncio = "*"
traitlets = ">=4.2"

[package.extras]
dev = ["codecov", "coverage", "ipython", "ipykernel", "ipywidgets", "pytest (>=4.1)", "pytest-cov (>=2.6.1)", "check-manifest", "flake8", "mypy", "tox", "bumpversion", "xmltodict", "pip (>=18.1)", "wheel (>=0.31.0)", "setuptools (>=38.6.0)", "twine (>=1.11.0)", "black"]
sphinx = ["Sphinx (>=1.7)", "sphinx-book-theme", "mock", "moto", "myst-parser"]
test = ["codecov", "coverage", "ipython", "ipykernel", "ipywidgets", "pytest (>=4.1)", "pytest-cov (>=2.6.1)", "check-manifest", "flake8", "mypy", "tox", "bumpversion", "xmltodict", "pip (>=18.1)", "wheel (>=0.31.0)", "setuptools (>=38.6.0)", "twine (>=1.11.0)", "black"]

[[package]]
name = "nbconvert"
version = "6.1.0"
description = "Converting Jupyter Notebooks"
category = "main"
optional = false
python-versions = ">=3.7"

[package.dependencies]
bleach = "*"
defusedxml = "*"
entrypoints = ">=0.2.2"
jinja2 = ">=2.4"
jupyter-core = "*"
jupyterlab-pygments = "*"
mistune = ">=0.8.1,<2"
nbclient = ">=0.5.0,<0.6.0"
nbformat = ">=4.4"
pandocfilters = ">=1.4.1"
pygments = ">=2.4.1"
testpath = "*"
traitlets = ">=5.0"

[package.extras]
all = ["pytest", "pytest-cov", "pytest-dependency", "ipykernel", "ipywidgets (>=7)", "pyppeteer (==0.2.2)", "tornado (>=4.0)", "sphinx (>=1.5.1)", "sphinx-rtd-theme", "nbsphinx (>=0.2.12)", "ipython"]
docs = ["sphinx (>=1.5.1)", "sphinx-rtd-theme", "nbsphinx (>=0.2.12)", "ipython"]
serve = ["tornado (>=4.0)"]
test = ["pytest", "pytest-cov", "pytest-dependency", "ipykernel", "ipywidgets (>=7)", "pyppeteer (==0.2.2)"]
webpdf = ["pyppeteer (==0.2.2)"]

[[package]]
name = "nbformat"
version = "5.1.3"
description = "The Jupyter Notebook format"
category = "main"
optional = false
python-versions = ">=3.5"

[package.dependencies]
ipython-genutils = "*"
jsonschema = ">=2.4,<2.5.0 || >2.5.0"
jupyter-core = "*"
traitlets = ">=4.1"

[package.extras]
fast = ["fastjsonschema"]
test = ["check-manifest", "fastjsonschema", "testpath", "pytest", "pytest-cov"]

[[package]]
name = "nest-asyncio"
version = "1.5.1"
description = "Patch asyncio to allow nested event loops"
category = "main"
optional = false
python-versions = ">=3.5"

[[package]]
name = "notebook"
version = "6.4.3"
description = "A web-based notebook environment for interactive computing"
category = "main"
optional = false
python-versions = ">=3.6"

[package.dependencies]
argon2-cffi = "*"
ipykernel = "*"
ipython-genutils = "*"
jinja2 = "*"
jupyter-client = ">=5.3.4"
jupyter-core = ">=4.6.1"
nbconvert = "*"
nbformat = "*"
prometheus-client = "*"
pyzmq = ">=17"
Send2Trash = ">=1.5.0"
terminado = ">=0.8.3"
tornado = ">=6.1"
traitlets = ">=4.2.1"

[package.extras]
docs = ["sphinx", "nbsphinx", "sphinxcontrib-github-alt", "sphinx-rtd-theme", "myst-parser"]
json-logging = ["json-logging"]
test = ["pytest", "coverage", "requests", "nbval", "selenium", "pytest-cov", "requests-unixsocket"]

[[package]]
name = "numpy"
version = "1.21.5"
description = "NumPy is the fundamental package for array computing with Python."
category = "main"
optional = false
python-versions = ">=3.7,<3.11"

[[package]]
name = "oauthlib"
version = "3.1.1"
description = "A generic, spec-compliant, thorough implementation of the OAuth request-signing logic"
category = "main"
optional = false
python-versions = ">=3.6"

[package.extras]
rsa = ["cryptography (>=3.0.0,<4)"]
signals = ["blinker (>=1.4.0)"]
signedtoken = ["cryptography (>=3.0.0,<4)", "pyjwt (>=2.0.0,<3)"]

[[package]]
name = "opencv-python"
version = "4.6.0.66"
description = "Wrapper package for OpenCV python bindings."
category = "main"
optional = false
python-versions = ">=3.6"

[package.dependencies]
numpy = [
    {version = ">=1.21.2", markers = "python_version >= \"3.6\" and platform_system == \"Darwin\" and platform_machine == \"arm64\""},
    {version = ">=1.19.3", markers = "python_version >= \"3.6\" and platform_system == \"Linux\" and platform_machine == \"aarch64\" or python_version >= \"3.9\""},
    {version = ">=1.14.5", markers = "python_version >= \"3.7\""},
    {version = ">=1.17.3", markers = "python_version >= \"3.8\""},
]

[[package]]
name = "packaging"
version = "21.0"
description = "Core utilities for Python packages"
category = "main"
optional = false
python-versions = ">=3.6"

[package.dependencies]
pyparsing = ">=2.0.2"

[[package]]
name = "pandas"
version = "1.4.2"
description = "Powerful data structures for data analysis, time series, and statistics"
category = "main"
optional = false
python-versions = ">=3.8"

[package.dependencies]
numpy = [
    {version = ">=1.18.5", markers = "platform_machine != \"aarch64\" and platform_machine != \"arm64\" and python_version < \"3.10\""},
    {version = ">=1.19.2", markers = "platform_machine == \"aarch64\" and python_version < \"3.10\""},
    {version = ">=1.20.0", markers = "platform_machine == \"arm64\" and python_version < \"3.10\""},
]
python-dateutil = ">=2.8.1"
pytz = ">=2020.1"

[package.extras]
test = ["hypothesis (>=5.5.3)", "pytest (>=6.0)", "pytest-xdist (>=1.31)"]

[[package]]
name = "pandocfilters"
version = "1.5.0"
description = "Utilities for writing pandoc filters in python"
category = "main"
optional = false
python-versions = ">=2.7, !=3.0.*, !=3.1.*, !=3.2.*, !=3.3.*"

[[package]]
name = "parso"
version = "0.8.2"
description = "A Python Parser"
category = "main"
optional = false
python-versions = ">=3.6"

[package.extras]
qa = ["flake8 (==3.8.3)", "mypy (==0.782)"]
testing = ["docopt", "pytest (<6.0.0)"]

[[package]]
name = "pexpect"
version = "4.8.0"
description = "Pexpect allows easy control of interactive console applications."
category = "main"
optional = false
python-versions = "*"

[package.dependencies]
ptyprocess = ">=0.5"

[[package]]
name = "pickleshare"
version = "0.7.5"
description = "Tiny 'shelve'-like database with concurrency support"
category = "main"
optional = false
python-versions = "*"

[[package]]
name = "pillow"
version = "8.2.0"
description = "Python Imaging Library (Fork)"
category = "main"
optional = false
python-versions = ">=3.6"

[[package]]
name = "prometheus-client"
version = "0.11.0"
description = "Python client for the Prometheus monitoring system."
category = "main"
optional = false
python-versions = ">=2.7, !=3.0.*, !=3.1.*, !=3.2.*, !=3.3.*"

[package.extras]
twisted = ["twisted"]

[[package]]
name = "prompt-toolkit"
version = "3.0.20"
description = "Library for building powerful interactive command lines in Python"
category = "main"
optional = false
python-versions = ">=3.6.2"

[package.dependencies]
wcwidth = "*"

[[package]]
name = "protobuf"
version = "3.17.3"
description = "Protocol Buffers"
category = "main"
optional = false
python-versions = "*"

[package.dependencies]
six = ">=1.9"

[[package]]
name = "ptyprocess"
version = "0.7.0"
description = "Run a subprocess in a pseudo terminal"
category = "main"
optional = false
python-versions = "*"

[[package]]
name = "py"
version = "1.10.0"
description = "library with cross-python path, ini-parsing, io, code, log facilities"
category = "main"
optional = false
python-versions = ">=2.7, !=3.0.*, !=3.1.*, !=3.2.*, !=3.3.*"

[[package]]
name = "pyasn1"
version = "0.4.8"
description = "ASN.1 types and codecs"
category = "main"
optional = false
python-versions = "*"

[[package]]
name = "pyasn1-modules"
version = "0.2.8"
description = "A collection of ASN.1-based protocols modules."
category = "main"
optional = false
python-versions = "*"

[package.dependencies]
pyasn1 = ">=0.4.6,<0.5.0"

[[package]]
name = "pycparser"
version = "2.20"
description = "C parser in Python"
category = "main"
optional = false
python-versions = ">=2.7, !=3.0.*, !=3.1.*, !=3.2.*, !=3.3.*"

[[package]]
name = "pydeprecate"
version = "0.3.1"
description = "Deprecation tooling"
category = "main"
optional = false
python-versions = ">=3.6"

[[package]]
name = "pygame"
version = "2.1.2"
description = "Python Game Development"
category = "main"
optional = false
python-versions = ">=3.6"

[[package]]
name = "pyglet"
version = "1.5.15"
description = "Cross-platform windowing and multimedia library"
category = "main"
optional = false
python-versions = "*"

[[package]]
name = "pygments"
version = "2.10.0"
description = "Pygments is a syntax highlighting package written in Python."
category = "main"
optional = false
python-versions = ">=3.5"

[[package]]
name = "pyparsing"
version = "2.4.7"
description = "Python parsing module"
category = "main"
optional = false
python-versions = ">=2.6, !=3.0.*, !=3.1.*, !=3.2.*"

[[package]]
name = "pyrsistent"
version = "0.18.0"
description = "Persistent/Functional/Immutable data structures"
category = "main"
optional = false
python-versions = ">=3.6"

[[package]]
name = "pysocks"
version = "1.7.1"
description = "A Python SOCKS client module. See https://github.com/Anorov/PySocks for more information."
category = "main"
optional = false
python-versions = ">=2.7, !=3.0.*, !=3.1.*, !=3.2.*, !=3.3.*"

[[package]]
name = "python-dateutil"
version = "2.8.2"
description = "Extensions to the standard Python datetime module"
category = "main"
optional = false
python-versions = "!=3.0.*,!=3.1.*,!=3.2.*,>=2.7"

[package.dependencies]
six = ">=1.5"

[[package]]
name = "python-engineio"
version = "4.2.1"
description = "Engine.IO server and client for Python"
category = "main"
optional = false
python-versions = ">=3.6"

[package.extras]
asyncio_client = ["aiohttp (>=3.4)"]
client = ["requests (>=2.21.0)", "websocket-client (>=0.54.0)"]

[[package]]
name = "python-include"
version = "1.0.0"
description = "Path based import-all in Python, inspired by Ruby's include"
category = "main"
optional = false
python-versions = "*"

[[package]]
name = "python-socketio"
version = "5.4.0"
description = "Socket.IO server and client for Python"
category = "main"
optional = false
python-versions = ">=3.6"

[package.dependencies]
bidict = ">=0.21.0"
python-engineio = ">=4.1.0"

[package.extras]
asyncio_client = ["aiohttp (>=3.4)"]
client = ["requests (>=2.21.0)", "websocket-client (>=0.54.0)"]

[[package]]
name = "pytorch-lightning"
version = "1.4.6"
description = "PyTorch Lightning is the lightweight PyTorch wrapper for ML researchers. Scale your models. Write less boilerplate."
category = "main"
optional = false
python-versions = ">=3.6"

[package.dependencies]
fsspec = {version = ">=2021.05.0,<2021.06.0 || >2021.06.0", extras = ["http"]}
future = ">=0.17.1"
numpy = ">=1.17.2"
packaging = ">=17.0"
pyDeprecate = "0.3.1"
PyYAML = ">=5.1"
tensorboard = ">=2.2.0"
torch = ">=1.6"
torchmetrics = ">=0.4.0"
tqdm = ">=4.41.0"
typing-extensions = "*"

[package.extras]
all = ["matplotlib (>3.1)", "horovod (>=0.21.2)", "omegaconf (>=2.0.1)", "torchtext (>=0.7)", "onnx (>=1.7.0)", "onnxruntime (>=1.3.0)", "hydra-core (>=1.0)", "jsonargparse[signatures] (>=3.17.0)", "gcsfs (>=2021.5.0)", "neptune-client (>=0.4.109)", "comet-ml (>=3.1.12)", "mlflow (>=1.0.0)", "test-tube (>=0.7.5)", "wandb (>=0.8.21)", "coverage (>5.2.0)", "codecov (>=2.1)", "pytest (>=6.0)", "check-manifest", "twine (==3.2)", "mypy (>=0.900)", "pre-commit (>=1.0)", "cloudpickle (>=1.3)", "scikit-learn (>0.22.1)", "scikit-image (>0.17.1)", "nltk (>=3.3)", "pandas", "torchvision (>=0.7)", "gym (>=0.17.0)", "ipython"]
cpu = ["matplotlib (>3.1)", "omegaconf (>=2.0.1)", "torchtext (>=0.7)", "onnx (>=1.7.0)", "onnxruntime (>=1.3.0)", "hydra-core (>=1.0)", "jsonargparse[signatures] (>=3.17.0)", "gcsfs (>=2021.5.0)", "neptune-client (>=0.4.109)", "comet-ml (>=3.1.12)", "mlflow (>=1.0.0)", "test-tube (>=0.7.5)", "wandb (>=0.8.21)", "coverage (>5.2.0)", "codecov (>=2.1)", "pytest (>=6.0)", "check-manifest", "twine (==3.2)", "mypy (>=0.900)", "pre-commit (>=1.0)", "cloudpickle (>=1.3)", "scikit-learn (>0.22.1)", "scikit-image (>0.17.1)", "nltk (>=3.3)", "pandas", "torchvision (>=0.7)", "gym (>=0.17.0)", "ipython"]
cpu-extra = ["matplotlib (>3.1)", "omegaconf (>=2.0.1)", "torchtext (>=0.7)", "onnx (>=1.7.0)", "onnxruntime (>=1.3.0)", "hydra-core (>=1.0)", "jsonargparse[signatures] (>=3.17.0)", "gcsfs (>=2021.5.0)"]
dev = ["matplotlib (>3.1)", "horovod (>=0.21.2)", "omegaconf (>=2.0.1)", "torchtext (>=0.7)", "onnx (>=1.7.0)", "onnxruntime (>=1.3.0)", "hydra-core (>=1.0)", "jsonargparse[signatures] (>=3.17.0)", "gcsfs (>=2021.5.0)", "neptune-client (>=0.4.109)", "comet-ml (>=3.1.12)", "mlflow (>=1.0.0)", "test-tube (>=0.7.5)", "wandb (>=0.8.21)", "coverage (>5.2.0)", "codecov (>=2.1)", "pytest (>=6.0)", "check-manifest", "twine (==3.2)", "mypy (>=0.900)", "pre-commit (>=1.0)", "cloudpickle (>=1.3)", "scikit-learn (>0.22.1)", "scikit-image (>0.17.1)", "nltk (>=3.3)", "pandas"]
examples = ["torchvision (>=0.7)", "gym (>=0.17.0)", "ipython"]
extra = ["matplotlib (>3.1)", "horovod (>=0.21.2)", "omegaconf (>=2.0.1)", "torchtext (>=0.7)", "onnx (>=1.7.0)", "onnxruntime (>=1.3.0)", "hydra-core (>=1.0)", "jsonargparse[signatures] (>=3.17.0)", "gcsfs (>=2021.5.0)"]
loggers = ["neptune-client (>=0.4.109)", "comet-ml (>=3.1.12)", "mlflow (>=1.0.0)", "test-tube (>=0.7.5)", "wandb (>=0.8.21)"]
test = ["coverage (>5.2.0)", "codecov (>=2.1)", "pytest (>=6.0)", "check-manifest", "twine (==3.2)", "mypy (>=0.900)", "pre-commit (>=1.0)", "cloudpickle (>=1.3)", "scikit-learn (>0.22.1)", "scikit-image (>0.17.1)", "nltk (>=3.3)", "pandas"]

[[package]]
name = "pytz"
version = "2021.1"
description = "World timezone definitions, modern and historical"
category = "main"
optional = false
python-versions = "*"

[[package]]
name = "pywin32"
version = "301"
description = "Python for Window Extensions"
category = "main"
optional = false
python-versions = "*"

[[package]]
name = "pywinpty"
version = "1.1.4"
description = "Pseudo terminal support for Windows from Python."
category = "main"
optional = false
python-versions = ">=3.6"

[[package]]
name = "pyyaml"
version = "5.4.1"
description = "YAML parser and emitter for Python"
category = "main"
optional = false
python-versions = ">=2.7, !=3.0.*, !=3.1.*, !=3.2.*, !=3.3.*, !=3.4.*, !=3.5.*"

[[package]]
name = "pyzmq"
version = "22.2.1"
description = "Python bindings for 0MQ"
category = "main"
optional = false
python-versions = ">=3.6"

[package.dependencies]
cffi = {version = "*", markers = "implementation_name == \"pypy\""}
py = {version = "*", markers = "implementation_name == \"pypy\""}

[[package]]
name = "regex"
version = "2021.8.28"
description = "Alternative regular expression module, to replace re."
category = "main"
optional = false
python-versions = "*"

[[package]]
name = "requests"
version = "2.26.0"
description = "Python HTTP for Humans."
category = "main"
optional = false
python-versions = ">=2.7, !=3.0.*, !=3.1.*, !=3.2.*, !=3.3.*, !=3.4.*, !=3.5.*"

[package.dependencies]
certifi = ">=2017.4.17"
charset-normalizer = {version = ">=2.0.0,<2.1.0", markers = "python_version >= \"3\""}
idna = {version = ">=2.5,<4", markers = "python_version >= \"3\""}
PySocks = {version = ">=1.5.6,<1.5.7 || >1.5.7", optional = true, markers = "extra == \"socks\""}
urllib3 = ">=1.21.1,<1.27"

[package.extras]
socks = ["PySocks (>=1.5.6,!=1.5.7)", "win-inet-pton"]
use_chardet_on_py3 = ["chardet (>=3.0.2,<5)"]

[[package]]
name = "requests-oauthlib"
version = "1.3.0"
description = "OAuthlib authentication support for Requests."
category = "main"
optional = false
python-versions = ">=2.7, !=3.0.*, !=3.1.*, !=3.2.*, !=3.3.*"

[package.dependencies]
oauthlib = ">=3.0.0"
requests = ">=2.0.0"

[package.extras]
rsa = ["oauthlib[signedtoken] (>=3.0.0)"]

[[package]]
name = "rsa"
version = "4.7.2"
description = "Pure-Python RSA implementation"
category = "main"
optional = false
python-versions = ">=3.5, <4"

[package.dependencies]
pyasn1 = ">=0.1.3"

[[package]]
name = "ruamel.yaml"
version = "0.17.16"
description = "ruamel.yaml is a YAML parser/emitter that supports roundtrip preservation of comments, seq/map flow style, and map key order"
category = "main"
optional = false
python-versions = ">=3"

[package.dependencies]
"ruamel.yaml.clib" = {version = ">=0.1.2", markers = "platform_python_implementation == \"CPython\" and python_version < \"3.10\""}

[package.extras]
docs = ["ryd"]
jinja2 = ["ruamel.yaml.jinja2 (>=0.2)"]

[[package]]
name = "ruamel.yaml.clib"
version = "0.2.6"
description = "C version of reader, parser and emitter for ruamel.yaml derived from libyaml"
category = "main"
optional = false
python-versions = ">=3.5"

[[package]]
name = "scikit-video"
version = "1.1.11"
description = "Video Processing in Python"
category = "main"
optional = false
python-versions = "*"

[package.dependencies]
numpy = "*"
pillow = "*"
scipy = "*"

[[package]]
name = "scipy"
version = "1.9.1"
description = "SciPy: Scientific Library for Python"
category = "main"
optional = false
python-versions = ">=3.8,<3.12"

[package.dependencies]
numpy = ">=1.18.5,<1.25.0"

[[package]]
name = "send2trash"
version = "1.8.0"
description = "Send file to trash natively under Mac OS X, Windows and Linux."
category = "main"
optional = false
python-versions = "*"

[package.extras]
nativelib = ["pyobjc-framework-cocoa", "pywin32"]
objc = ["pyobjc-framework-cocoa"]
win32 = ["pywin32"]

[[package]]
name = "setuptools-scm"
version = "7.0.5"
description = "the blessed package to manage your versions by scm tags"
category = "main"
optional = false
python-versions = ">=3.7"

[package.dependencies]
packaging = ">=20.0"
tomli = ">=1.0.0"
typing-extensions = "*"

[package.extras]
test = ["pytest (>=6.2)", "virtualenv (>20)"]
toml = ["setuptools (>=42)"]

[[package]]
name = "silver-spectacle"
version = "0.2.1"
description = "An easier way to display data"
category = "main"
optional = false
python-versions = ">=3.6"

[package.dependencies]
aiohttp = ">=3.7.4"
python-socketio = ">=5.3.0"
requests = ">=2.26.0"

[[package]]
name = "simple-namespace"
version = "1.0.0"
description = "Organize code better with namespaces"
category = "main"
optional = false
python-versions = ">=3.6"

[[package]]
name = "six"
version = "1.16.0"
description = "Python 2 and 3 compatibility utilities"
category = "main"
optional = false
python-versions = ">=2.7, !=3.0.*, !=3.1.*, !=3.2.*"

[[package]]
name = "super-hash"
version = "1.0.5"
description = "hash the unhashable, hash everything"
category = "main"
optional = false
python-versions = ">=3.6"

[package.dependencies]
simple-namespace = "1.0.0"

[[package]]
name = "super-map"
version = "1.1.1"
description = "Like dict, but easier"
category = "main"
optional = false
python-versions = ">=3.6"

[[package]]
name = "tensorboard"
version = "2.6.0"
description = "TensorBoard lets you watch Tensors Flow"
category = "main"
optional = false
python-versions = ">=3.6"

[package.dependencies]
absl-py = ">=0.4"
google-auth = ">=1.6.3,<2"
google-auth-oauthlib = ">=0.4.1,<0.5"
grpcio = ">=1.24.3"
markdown = ">=2.6.8"
numpy = ">=1.12.0"
protobuf = ">=3.6.0"
requests = ">=2.21.0,<3"
tensorboard-data-server = ">=0.6.0,<0.7.0"
tensorboard-plugin-wit = ">=1.6.0"
werkzeug = ">=0.11.15"

[[package]]
name = "tensorboard-data-server"
version = "0.6.1"
description = "Fast data loading for TensorBoard"
category = "main"
optional = false
python-versions = ">=3.6"

[[package]]
name = "tensorboard-plugin-wit"
version = "1.8.0"
description = "What-If Tool TensorBoard plugin."
category = "main"
optional = false
python-versions = "*"

[[package]]
name = "terminado"
version = "0.12.1"
description = "Tornado websocket backend for the Xterm.js Javascript terminal emulator library."
category = "main"
optional = false
python-versions = ">=3.6"

[package.dependencies]
ptyprocess = {version = "*", markers = "os_name != \"nt\""}
pywinpty = {version = ">=1.1.0", markers = "os_name == \"nt\""}
tornado = ">=4"

[package.extras]
test = ["pytest"]

[[package]]
name = "testpath"
version = "0.5.0"
description = "Test utilities for code working with files and commands"
category = "main"
optional = false
python-versions = ">= 3.5"

[package.extras]
test = ["pathlib2", "pytest"]

[[package]]
name = "tomli"
version = "2.0.1"
description = "A lil' TOML parser"
category = "main"
optional = false
python-versions = ">=3.7"

[[package]]
name = "torch"
version = "1.9.0"
description = "Tensors and Dynamic neural networks in Python with strong GPU acceleration"
category = "main"
optional = false
python-versions = ">=3.6.2"

[package.dependencies]
typing-extensions = "*"

[[package]]
name = "torchmetrics"
version = "0.5.1"
description = "PyTorch native Metrics"
category = "main"
optional = false
python-versions = ">=3.6"

[package.dependencies]
numpy = ">=1.17.2"
packaging = "*"
torch = ">=1.3.1"

[package.extras]
text = ["tqdm (>=4.41.0)", "nltk (>=3.6)"]
image = ["torch-fidelity", "torchvision", "scipy"]
all = ["tqdm (>=4.41.0)", "nltk (>=3.6)", "torch-fidelity", "torchvision", "scipy"]

[[package]]
name = "torchsampler"
version = "0.1.1"
description = "A (PyTorch) imbalanced dataset sampler for oversampling low frequent classes and undersampling high frequent ones."
category = "main"
optional = false
python-versions = ">=3.6"
develop = true

[package.dependencies]
pandas = "*"
torch = ">=1.3"
torchvision = ">=0.5"

[package.source]
type = "git"
url = "https://github.com/jeff-hykin/imbalanced-dataset-sampler"
reference = "1.0.0"
resolved_reference = "b1fb899685872a7dd08bf94945b32cce32402341"

[[package]]
name = "torchvision"
version = "0.10.0"
description = "image and video datasets and models for torch deep learning"
category = "main"
optional = false
python-versions = "*"

[package.dependencies]
numpy = "*"
pillow = ">=5.3.0"
torch = "1.9.0"

[package.extras]
scipy = ["scipy"]

[[package]]
name = "tornado"
version = "6.1"
description = "Tornado is a Python web framework and asynchronous networking library, originally developed at FriendFeed."
category = "main"
optional = false
python-versions = ">= 3.5"

[[package]]
name = "tqdm"
version = "4.62.2"
description = "Fast, Extensible Progress Meter"
category = "main"
optional = false
python-versions = "!=3.0.*,!=3.1.*,!=3.2.*,!=3.3.*,>=2.7"

[package.dependencies]
colorama = {version = "*", markers = "platform_system == \"Windows\""}

[package.extras]
dev = ["py-make (>=0.1.0)", "twine", "wheel"]
notebook = ["ipywidgets (>=6)"]
telegram = ["requests"]

[[package]]
name = "traitlets"
version = "5.1.0"
description = "Traitlets Python configuration system"
category = "main"
optional = false
python-versions = ">=3.7"

[package.extras]
test = ["pytest"]

[[package]]
name = "typing-extensions"
version = "3.10.0.2"
description = "Backported and Experimental Type Hints for Python 3.5+"
category = "main"
optional = false
python-versions = "*"

[[package]]
name = "urllib3"
version = "1.26.6"
description = "HTTP library with thread-safe connection pooling, file post, and more."
category = "main"
optional = false
python-versions = ">=2.7, !=3.0.*, !=3.1.*, !=3.2.*, !=3.3.*, !=3.4.*, <4"

[package.extras]
brotli = ["brotlipy (>=0.6.0)"]
secure = ["pyOpenSSL (>=0.14)", "cryptography (>=1.3.4)", "idna (>=2.0.0)", "certifi", "ipaddress"]
socks = ["PySocks (>=1.5.6,!=1.5.7,<2.0)"]

[[package]]
name = "wcwidth"
version = "0.2.5"
description = "Measures the displayed width of unicode strings in a terminal"
category = "main"
optional = false
python-versions = "*"

[[package]]
name = "webencodings"
version = "0.5.1"
description = "Character encoding aliases for legacy web content"
category = "main"
optional = false
python-versions = "*"

[[package]]
name = "werkzeug"
version = "2.0.1"
description = "The comprehensive WSGI web application library."
category = "main"
optional = false
python-versions = ">=3.6"

[package.extras]
watchdog = ["watchdog"]

[[package]]
name = "widgetsnbextension"
version = "3.5.1"
description = "IPython HTML widgets for Jupyter"
category = "main"
optional = false
python-versions = "*"

[package.dependencies]
notebook = ">=4.4.1"

[[package]]
name = "yarl"
version = "1.6.3"
description = "Yet another URL library"
category = "main"
optional = false
python-versions = ">=3.6"

[package.dependencies]
idna = ">=2.0"
multidict = ">=4.0"

[metadata]
lock-version = "1.1"
python-versions = ">=3.8,<3.10"
content-hash = "72b5305f0a3204aab4de545322eb39c4a5c5730804f2237a8b280a8cad78df9e"

[metadata.files]
absl-py = []
aiohttp = []
appnope = []
argon2-cffi = []
asttokens = []
async-timeout = []
atari-py = []
attrs = []
backcall = []
bidict = []
bleach = []
cachetools = []
certifi = []
cffi = []
chardet = []
charset-normalizer = []
click = []
cloudpickle = []
colorama = []
cycler = []
debugpy = []
decorator = []
defusedxml = []
entrypoints = []
executing = []
ez-yaml = []
filelock = []
flask = []
fonttools = []
fsspec = []
future = []
gdown = []
google-auth = []
google-auth-oauthlib = []
grpcio = []
gym = []
icecream = []
idna = []
ipykernel = []
ipython = []
ipython-genutils = []
ipywidgets = []
itsdangerous = []
jedi = []
jinja2 = []
json-fix = []
jsonschema = []
jupyter-client = []
jupyter-core = []
jupyterlab-pygments = []
jupyterlab-widgets = []
kiwisolver = []
markdown = []
markupsafe = []
matplotlib = []
matplotlib-inline = []
mistune = []
multidict = []
nbclient = []
nbconvert = []
nbformat = []
nest-asyncio = []
notebook = []
numpy = []
oauthlib = []
opencv-python = []
packaging = []
pandas = []
pandocfilters = []
parso = []
pexpect = []
pickleshare = []
pillow = []
prometheus-client = []
prompt-toolkit = []
protobuf = []
ptyprocess = []
py = []
pyasn1 = []
pyasn1-modules = []
pycparser = []
pydeprecate = []
pygame = []
pyglet = []
pygments = []
pyparsing = []
pyrsistent = []
pysocks = []
python-dateutil = []
python-engineio = []
python-include = []
python-socketio = []
pytorch-lightning = []
pytz = []
pywin32 = []
pywinpty = []
pyyaml = []
pyzmq = []
regex = []
requests = []
requests-oauthlib = []
rsa = []
"ruamel.yaml" = []
"ruamel.yaml.clib" = []
scikit-video = []
scipy = []
send2trash = []
setuptools-scm = []
silver-spectacle = []
simple-namespace = []
six = []
super-hash = []
super-map = []
tensorboard = []
tensorboard-data-server = []
tensorboard-plugin-wit = []
terminado = []
testpath = []
tomli = []
torch = []
torchmetrics = []
torchsampler = []
torchvision = []
tornado = []
tqdm = []
traitlets = []
typing-extensions = []
urllib3 = []
wcwidth = []
webencodings = []
werkzeug = []
widgetsnbextension = []
yarl = []
